
Microsoft Visual Studio Solution File, Format Version 12.00
# Visual Studio 16
VisualStudioVersion = 16.0.29324.140
MinimumVisualStudioVersion = 10.0.40219.1
Project("{9A19103F-16F7-4668-BE54-9A1E7A4F7556}") = "NukeCore.Extensions.Http.Errors", "NukeCore.Extensions.Http.Errors\NukeCore.Extensions.Http.Errors.csproj", "{99DA73FE-56E8-4B1C-AD5A-E1CD138C9D24}"
EndProject
Project("{9A19103F-16F7-4668-BE54-9A1E7A4F7556}") = "NukeCore.Extensions.Http.DependencyInjection", "NukeCore.Extensions.Http.DependencyInjection\NukeCore.Extensions.Http.DependencyInjection.csproj", "{CE180883-F8A8-481F-8488-DD929F082E07}"
EndProject
Project("{9A19103F-16F7-4668-BE54-9A1E7A4F7556}") = "NukeCore.Extensions.Http.Models", "NukeCore.Extensions.Http.Models\NukeCore.Extensions.Http.Models.csproj", "{FE70A1FA-9014-49D6-86B7-E7976B09FF96}"
EndProject
Project("{9A19103F-16F7-4668-BE54-9A1E7A4F7556}") = "NukeCore.Extensions.Http.WebApi", "NukeCore.Extensions.Http.WebApi\NukeCore.Extensions.Http.WebApi.csproj", "{1BF2209A-B1F4-4197-A2DD-39BBD394D6AF}"
EndProject
Project("{9A19103F-16F7-4668-BE54-9A1E7A4F7556}") = "NukeCore.Extensions.Http.Sender", "NukeCore.Extensions.Http.Sender\NukeCore.Extensions.Http.Sender.csproj", "{B849902D-DF53-41EE-8169-FEE556BFF07B}"
EndProject
Project("{9A19103F-16F7-4668-BE54-9A1E7A4F7556}") = "NukeCore.Extensions.Http.Common", "NukeCore.Extensions.Http.Common\NukeCore.Extensions.Http.Common.csproj", "{24FA87C3-41C5-491E-8154-D6EC472FED9E}"
EndProject
Project("{9A19103F-16F7-4668-BE54-9A1E7A4F7556}") = "NukeCore.Extensions.Http.Tests", "NukeCore.Extensions.Http.Tests\NukeCore.Extensions.Http.Tests.csproj", "{2F721714-6A95-45F8-9D1B-199A0843F01B}"
EndProject
Global
	GlobalSection(SolutionConfigurationPlatforms) = preSolution
		Debug|Any CPU = Debug|Any CPU
		Release|Any CPU = Release|Any CPU
	EndGlobalSection
	GlobalSection(ProjectConfigurationPlatforms) = postSolution
		{99DA73FE-56E8-4B1C-AD5A-E1CD138C9D24}.Debug|Any CPU.ActiveCfg = Debug|Any CPU
		{99DA73FE-56E8-4B1C-AD5A-E1CD138C9D24}.Debug|Any CPU.Build.0 = Debug|Any CPU
		{99DA73FE-56E8-4B1C-AD5A-E1CD138C9D24}.Release|Any CPU.ActiveCfg = Release|Any CPU
		{99DA73FE-56E8-4B1C-AD5A-E1CD138C9D24}.Release|Any CPU.Build.0 = Release|Any CPU
		{CE180883-F8A8-481F-8488-DD929F082E07}.Debug|Any CPU.ActiveCfg = Debug|Any CPU
		{CE180883-F8A8-481F-8488-DD929F082E07}.Debug|Any CPU.Build.0 = Debug|Any CPU
		{CE180883-F8A8-481F-8488-DD929F082E07}.Release|Any CPU.ActiveCfg = Release|Any CPU
		{CE180883-F8A8-481F-8488-DD929F082E07}.Release|Any CPU.Build.0 = Release|Any CPU
		{FE70A1FA-9014-49D6-86B7-E7976B09FF96}.Debug|Any CPU.ActiveCfg = Debug|Any CPU
		{FE70A1FA-9014-49D6-86B7-E7976B09FF96}.Debug|Any CPU.Build.0 = Debug|Any CPU
		{FE70A1FA-9014-49D6-86B7-E7976B09FF96}.Release|Any CPU.ActiveCfg = Release|Any CPU
		{FE70A1FA-9014-49D6-86B7-E7976B09FF96}.Release|Any CPU.Build.0 = Release|Any CPU
		{1BF2209A-B1F4-4197-A2DD-39BBD394D6AF}.Debug|Any CPU.ActiveCfg = Debug|Any CPU
		{1BF2209A-B1F4-4197-A2DD-39BBD394D6AF}.Debug|Any CPU.Build.0 = Debug|Any CPU
		{1BF2209A-B1F4-4197-A2DD-39BBD394D6AF}.Release|Any CPU.ActiveCfg = Release|Any CPU
		{1BF2209A-B1F4-4197-A2DD-39BBD394D6AF}.Release|Any CPU.Build.0 = Release|Any CPU
		{B849902D-DF53-41EE-8169-FEE556BFF07B}.Debug|Any CPU.ActiveCfg = Debug|Any CPU
		{B849902D-DF53-41EE-8169-FEE556BFF07B}.Debug|Any CPU.Build.0 = Debug|Any CPU
		{B849902D-DF53-41EE-8169-FEE556BFF07B}.Release|Any CPU.ActiveCfg = Release|Any CPU
		{B849902D-DF53-41EE-8169-FEE556BFF07B}.Release|Any CPU.Build.0 = Release|Any CPU
		{24FA87C3-41C5-491E-8154-D6EC472FED9E}.Debug|Any CPU.ActiveCfg = Debug|Any CPU
		{24FA87C3-41C5-491E-8154-D6EC472FED9E}.Debug|Any CPU.Build.0 = Debug|Any CPU
		{24FA87C3-41C5-491E-8154-D6EC472FED9E}.Release|Any CPU.ActiveCfg = Release|Any CPU
		{24FA87C3-41C5-491E-8154-D6EC472FED9E}.Release|Any CPU.Build.0 = Release|Any CPU
		{2F721714-6A95-45F8-9D1B-199A0843F01B}.Debug|Any CPU.ActiveCfg = Debug|Any CPU
		{2F721714-6A95-45F8-9D1B-199A0843F01B}.Debug|Any CPU.Build.0 = Debug|Any CPU
		{2F721714-6A95-45F8-9D1B-199A0843F01B}.Release|Any CPU.ActiveCfg = Release|Any CPU
		{2F721714-6A95-45F8-9D1B-199A0843F01B}.Release|Any CPU.Build.0 = Release|Any CPU
	EndGlobalSection
	GlobalSection(SolutionProperties) = preSolution
		HideSolutionNode = FALSE
	EndGlobalSection
	GlobalSection(ExtensibilityGlobals) = postSolution
		SolutionGuid = {975FB3C4-6EED-4FE3-92DA-A0FDCF9E3ABB}
	EndGlobalSection
EndGlobal
